
Microsoft Visual Studio Solution File, Format Version 12.00
# Visual Studio Version 16
VisualStudioVersion = 16.0.32929.386
MinimumVisualStudioVersion = 10.0.40219.1
Project("{FAE04EC0-301F-11D3-BF4B-00C04F79EFBC}") = "FinalProject", "FinalProject\FinalProject.csproj", "{84C18E5D-89C2-462A-9CF6-DF62F1915CF1}"
EndProject
Project("{FAE04EC0-301F-11D3-BF4B-00C04F79EFBC}") = "BLL", "BLL\BLL.csproj", "{35D47DE1-B937-4291-BA7C-613BBA182876}"
EndProject
Project("{FAE04EC0-301F-11D3-BF4B-00C04F79EFBC}") = "DAL", "DAL\DAL.csproj", "{3EE7D8C5-5CE4-4D74-944D-2901F8D87F9C}"
EndProject
Global
	GlobalSection(SolutionConfigurationPlatforms) = preSolution
		Debug|Any CPU = Debug|Any CPU
		Release|Any CPU = Release|Any CPU
	EndGlobalSection
	GlobalSection(ProjectConfigurationPlatforms) = postSolution
		{84C18E5D-89C2-462A-9CF6-DF62F1915CF1}.Debug|Any CPU.ActiveCfg = Debug|Any CPU
		{84C18E5D-89C2-462A-9CF6-DF62F1915CF1}.Debug|Any CPU.Build.0 = Debug|Any CPU
		{84C18E5D-89C2-462A-9CF6-DF62F1915CF1}.Release|Any CPU.ActiveCfg = Release|Any CPU
		{84C18E5D-89C2-462A-9CF6-DF62F1915CF1}.Release|Any CPU.Build.0 = Release|Any CPU
		{35D47DE1-B937-4291-BA7C-613BBA182876}.Debug|Any CPU.ActiveCfg = Debug|Any CPU
		{35D47DE1-B937-4291-BA7C-613BBA182876}.Debug|Any CPU.Build.0 = Debug|Any CPU
		{35D47DE1-B937-4291-BA7C-613BBA182876}.Release|Any CPU.ActiveCfg = Release|Any CPU
		{35D47DE1-B937-4291-BA7C-613BBA182876}.Release|Any CPU.Build.0 = Release|Any CPU
		{3EE7D8C5-5CE4-4D74-944D-2901F8D87F9C}.Debug|Any CPU.ActiveCfg = Debug|Any CPU
		{3EE7D8C5-5CE4-4D74-944D-2901F8D87F9C}.Debug|Any CPU.Build.0 = Debug|Any CPU
		{3EE7D8C5-5CE4-4D74-944D-2901F8D87F9C}.Release|Any CPU.ActiveCfg = Release|Any CPU
		{3EE7D8C5-5CE4-4D74-944D-2901F8D87F9C}.Release|Any CPU.Build.0 = Release|Any CPU
	EndGlobalSection
	GlobalSection(SolutionProperties) = preSolution
		HideSolutionNode = FALSE
	EndGlobalSection
	GlobalSection(ExtensibilityGlobals) = postSolution
		SolutionGuid = {EDACEF75-F2DF-47C2-99A6-36238EF9478A}
	EndGlobalSection
EndGlobal
